
Microsoft Visual Studio Solution File, Format Version 12.00
# Visual Studio 15
VisualStudioVersion = 15.0.27130.2026
MinimumVisualStudioVersion = 10.0.40219.1
Project("{FAE04EC0-301F-11D3-BF4B-00C04F79EFBC}") = "0001", "0001\0001.csproj", "{7E0FC2DE-2973-4A62-BD15-16C928FD1C3D}"
EndProject
Project("{FAE04EC0-301F-11D3-BF4B-00C04F79EFBC}") = "0001Tests", "0001Tests\0001Tests.csproj", "{99A1102C-BF2B-45F9-A8BE-7689B807420C}"
EndProject
Project("{FAE04EC0-301F-11D3-BF4B-00C04F79EFBC}") = "0002", "0002\0002.csproj", "{7646F62E-8914-4F97-BB56-0DF3DAED54C2}"
EndProject
Project("{FAE04EC0-301F-11D3-BF4B-00C04F79EFBC}") = "0002Tests", "0002Tests\0002Tests.csproj", "{78E02FAB-4030-4147-A76A-A3C082A57435}"
EndProject
Project("{FAE04EC0-301F-11D3-BF4B-00C04F79EFBC}") = "0003", "0003\0003.csproj", "{374BA2A4-EDE6-497C-97EA-87C0665BFB00}"
EndProject
Project("{FAE04EC0-301F-11D3-BF4B-00C04F79EFBC}") = "0003Tests", "0003Tests\0003Tests.csproj", "{2DEE650A-29B2-49C0-AC1E-1D793EC89BD7}"
EndProject
Project("{FAE04EC0-301F-11D3-BF4B-00C04F79EFBC}") = "0005", "0005\0005.csproj", "{0149C0F7-8CF3-420B-9D0B-77CD4AD321DB}"
EndProject
Project("{FAE04EC0-301F-11D3-BF4B-00C04F79EFBC}") = "0005Tests", "0005Tests\0005Tests.csproj", "{01DB746D-5066-4436-B3F1-CAA484C965D8}"
EndProject
Project("{FAE04EC0-301F-11D3-BF4B-00C04F79EFBC}") = "0014", "0014\0014.csproj", "{09813B04-79FC-472B-9429-596480CBC5E8}"
EndProject
Project("{FAE04EC0-301F-11D3-BF4B-00C04F79EFBC}") = "0014Tests", "0014Tests\0014Tests.csproj", "{BA7EDC89-D0BD-448D-8040-9929429B3788}"
EndProject
Project("{2150E333-8FDC-42A3-9474-1A3956D46DE8}") = "已完成", "已完成", "{C38B9E84-E881-48BB-9372-CA3594228C3F}"
EndProject
Project("{FAE04EC0-301F-11D3-BF4B-00C04F79EFBC}") = "0017", "0017\0017.csproj", "{EA84B3BB-B88F-425D-BCA9-5B5FEE9D93AE}"
EndProject
Project("{FAE04EC0-301F-11D3-BF4B-00C04F79EFBC}") = "0017Tests", "0017Tests\0017Tests.csproj", "{DC190C4A-665D-4DB9-A41C-9F3696EC973F}"
EndProject
Project("{FAE04EC0-301F-11D3-BF4B-00C04F79EFBC}") = "0007", "0007\0007.csproj", "{9D6FE018-6ED5-4E4A-884B-270CA9016F94}"
EndProject
Project("{FAE04EC0-301F-11D3-BF4B-00C04F79EFBC}") = "0007Tests", "0007Tests\0007Tests.csproj", "{51E60CE8-90AA-476E-B74C-25ECF0E9C1CD}"
EndProject
Project("{2150E333-8FDC-42A3-9474-1A3956D46DE8}") = "Solution Items", "Solution Items", "{899833C0-2E52-4BDE-A761-86E1CC33534B}"
	ProjectSection(SolutionItems) = preProject
		ReadMe.md = ReadMe.md
	EndProjectSection
EndProject
Global
	GlobalSection(SolutionConfigurationPlatforms) = preSolution
		Debug|Any CPU = Debug|Any CPU
		Release|Any CPU = Release|Any CPU
	EndGlobalSection
	GlobalSection(ProjectConfigurationPlatforms) = postSolution
		{7E0FC2DE-2973-4A62-BD15-16C928FD1C3D}.Debug|Any CPU.ActiveCfg = Debug|Any CPU
		{7E0FC2DE-2973-4A62-BD15-16C928FD1C3D}.Debug|Any CPU.Build.0 = Debug|Any CPU
		{7E0FC2DE-2973-4A62-BD15-16C928FD1C3D}.Release|Any CPU.ActiveCfg = Release|Any CPU
		{7E0FC2DE-2973-4A62-BD15-16C928FD1C3D}.Release|Any CPU.Build.0 = Release|Any CPU
		{99A1102C-BF2B-45F9-A8BE-7689B807420C}.Debug|Any CPU.ActiveCfg = Debug|Any CPU
		{99A1102C-BF2B-45F9-A8BE-7689B807420C}.Debug|Any CPU.Build.0 = Debug|Any CPU
		{99A1102C-BF2B-45F9-A8BE-7689B807420C}.Release|Any CPU.ActiveCfg = Release|Any CPU
		{99A1102C-BF2B-45F9-A8BE-7689B807420C}.Release|Any CPU.Build.0 = Release|Any CPU
		{7646F62E-8914-4F97-BB56-0DF3DAED54C2}.Debug|Any CPU.ActiveCfg = Debug|Any CPU
		{7646F62E-8914-4F97-BB56-0DF3DAED54C2}.Debug|Any CPU.Build.0 = Debug|Any CPU
		{7646F62E-8914-4F97-BB56-0DF3DAED54C2}.Release|Any CPU.ActiveCfg = Release|Any CPU
		{7646F62E-8914-4F97-BB56-0DF3DAED54C2}.Release|Any CPU.Build.0 = Release|Any CPU
		{78E02FAB-4030-4147-A76A-A3C082A57435}.Debug|Any CPU.ActiveCfg = Debug|Any CPU
		{78E02FAB-4030-4147-A76A-A3C082A57435}.Debug|Any CPU.Build.0 = Debug|Any CPU
		{78E02FAB-4030-4147-A76A-A3C082A57435}.Release|Any CPU.ActiveCfg = Release|Any CPU
		{78E02FAB-4030-4147-A76A-A3C082A57435}.Release|Any CPU.Build.0 = Release|Any CPU
		{374BA2A4-EDE6-497C-97EA-87C0665BFB00}.Debug|Any CPU.ActiveCfg = Debug|Any CPU
		{374BA2A4-EDE6-497C-97EA-87C0665BFB00}.Debug|Any CPU.Build.0 = Debug|Any CPU
		{374BA2A4-EDE6-497C-97EA-87C0665BFB00}.Release|Any CPU.ActiveCfg = Release|Any CPU
		{374BA2A4-EDE6-497C-97EA-87C0665BFB00}.Release|Any CPU.Build.0 = Release|Any CPU
		{2DEE650A-29B2-49C0-AC1E-1D793EC89BD7}.Debug|Any CPU.ActiveCfg = Debug|Any CPU
		{2DEE650A-29B2-49C0-AC1E-1D793EC89BD7}.Debug|Any CPU.Build.0 = Debug|Any CPU
		{2DEE650A-29B2-49C0-AC1E-1D793EC89BD7}.Release|Any CPU.ActiveCfg = Release|Any CPU
		{2DEE650A-29B2-49C0-AC1E-1D793EC89BD7}.Release|Any CPU.Build.0 = Release|Any CPU
		{0149C0F7-8CF3-420B-9D0B-77CD4AD321DB}.Debug|Any CPU.ActiveCfg = Debug|Any CPU
		{0149C0F7-8CF3-420B-9D0B-77CD4AD321DB}.Debug|Any CPU.Build.0 = Debug|Any CPU
		{0149C0F7-8CF3-420B-9D0B-77CD4AD321DB}.Release|Any CPU.ActiveCfg = Release|Any CPU
		{0149C0F7-8CF3-420B-9D0B-77CD4AD321DB}.Release|Any CPU.Build.0 = Release|Any CPU
		{01DB746D-5066-4436-B3F1-CAA484C965D8}.Debug|Any CPU.ActiveCfg = Debug|Any CPU
		{01DB746D-5066-4436-B3F1-CAA484C965D8}.Debug|Any CPU.Build.0 = Debug|Any CPU
		{01DB746D-5066-4436-B3F1-CAA484C965D8}.Release|Any CPU.ActiveCfg = Release|Any CPU
		{01DB746D-5066-4436-B3F1-CAA484C965D8}.Release|Any CPU.Build.0 = Release|Any CPU
		{09813B04-79FC-472B-9429-596480CBC5E8}.Debug|Any CPU.ActiveCfg = Debug|Any CPU
		{09813B04-79FC-472B-9429-596480CBC5E8}.Debug|Any CPU.Build.0 = Debug|Any CPU
		{09813B04-79FC-472B-9429-596480CBC5E8}.Release|Any CPU.ActiveCfg = Release|Any CPU
		{09813B04-79FC-472B-9429-596480CBC5E8}.Release|Any CPU.Build.0 = Release|Any CPU
		{BA7EDC89-D0BD-448D-8040-9929429B3788}.Debug|Any CPU.ActiveCfg = Debug|Any CPU
		{BA7EDC89-D0BD-448D-8040-9929429B3788}.Debug|Any CPU.Build.0 = Debug|Any CPU
		{BA7EDC89-D0BD-448D-8040-9929429B3788}.Release|Any CPU.ActiveCfg = Release|Any CPU
		{BA7EDC89-D0BD-448D-8040-9929429B3788}.Release|Any CPU.Build.0 = Release|Any CPU
		{EA84B3BB-B88F-425D-BCA9-5B5FEE9D93AE}.Debug|Any CPU.ActiveCfg = Debug|Any CPU
		{EA84B3BB-B88F-425D-BCA9-5B5FEE9D93AE}.Debug|Any CPU.Build.0 = Debug|Any CPU
		{EA84B3BB-B88F-425D-BCA9-5B5FEE9D93AE}.Release|Any CPU.ActiveCfg = Release|Any CPU
		{EA84B3BB-B88F-425D-BCA9-5B5FEE9D93AE}.Release|Any CPU.Build.0 = Release|Any CPU
		{DC190C4A-665D-4DB9-A41C-9F3696EC973F}.Debug|Any CPU.ActiveCfg = Debug|Any CPU
		{DC190C4A-665D-4DB9-A41C-9F3696EC973F}.Debug|Any CPU.Build.0 = Debug|Any CPU
		{DC190C4A-665D-4DB9-A41C-9F3696EC973F}.Release|Any CPU.ActiveCfg = Release|Any CPU
		{DC190C4A-665D-4DB9-A41C-9F3696EC973F}.Release|Any CPU.Build.0 = Release|Any CPU
		{9D6FE018-6ED5-4E4A-884B-270CA9016F94}.Debug|Any CPU.ActiveCfg = Debug|Any CPU
		{9D6FE018-6ED5-4E4A-884B-270CA9016F94}.Debug|Any CPU.Build.0 = Debug|Any CPU
		{9D6FE018-6ED5-4E4A-884B-270CA9016F94}.Release|Any CPU.ActiveCfg = Release|Any CPU
		{9D6FE018-6ED5-4E4A-884B-270CA9016F94}.Release|Any CPU.Build.0 = Release|Any CPU
		{51E60CE8-90AA-476E-B74C-25ECF0E9C1CD}.Debug|Any CPU.ActiveCfg = Debug|Any CPU
		{51E60CE8-90AA-476E-B74C-25ECF0E9C1CD}.Debug|Any CPU.Build.0 = Debug|Any CPU
		{51E60CE8-90AA-476E-B74C-25ECF0E9C1CD}.Release|Any CPU.ActiveCfg = Release|Any CPU
		{51E60CE8-90AA-476E-B74C-25ECF0E9C1CD}.Release|Any CPU.Build.0 = Release|Any CPU
	EndGlobalSection
	GlobalSection(SolutionProperties) = preSolution
		HideSolutionNode = FALSE
	EndGlobalSection
	GlobalSection(NestedProjects) = preSolution
		{7E0FC2DE-2973-4A62-BD15-16C928FD1C3D} = {C38B9E84-E881-48BB-9372-CA3594228C3F}
		{99A1102C-BF2B-45F9-A8BE-7689B807420C} = {C38B9E84-E881-48BB-9372-CA3594228C3F}
		{7646F62E-8914-4F97-BB56-0DF3DAED54C2} = {C38B9E84-E881-48BB-9372-CA3594228C3F}
		{78E02FAB-4030-4147-A76A-A3C082A57435} = {C38B9E84-E881-48BB-9372-CA3594228C3F}
		{374BA2A4-EDE6-497C-97EA-87C0665BFB00} = {C38B9E84-E881-48BB-9372-CA3594228C3F}
		{2DEE650A-29B2-49C0-AC1E-1D793EC89BD7} = {C38B9E84-E881-48BB-9372-CA3594228C3F}
		{09813B04-79FC-472B-9429-596480CBC5E8} = {C38B9E84-E881-48BB-9372-CA3594228C3F}
		{BA7EDC89-D0BD-448D-8040-9929429B3788} = {C38B9E84-E881-48BB-9372-CA3594228C3F}
		{EA84B3BB-B88F-425D-BCA9-5B5FEE9D93AE} = {C38B9E84-E881-48BB-9372-CA3594228C3F}
		{DC190C4A-665D-4DB9-A41C-9F3696EC973F} = {C38B9E84-E881-48BB-9372-CA3594228C3F}
		{9D6FE018-6ED5-4E4A-884B-270CA9016F94} = {C38B9E84-E881-48BB-9372-CA3594228C3F}
		{51E60CE8-90AA-476E-B74C-25ECF0E9C1CD} = {C38B9E84-E881-48BB-9372-CA3594228C3F}
	EndGlobalSection
	GlobalSection(ExtensibilityGlobals) = postSolution
		SolutionGuid = {822A6375-DDCA-4777-B158-82DBFCA2A2FA}
	EndGlobalSection
EndGlobal
