
Microsoft Visual Studio Solution File, Format Version 12.00
# Visual Studio 15
VisualStudioVersion = 15.0.27130.2026
MinimumVisualStudioVersion = 10.0.40219.1
Project("{FAE04EC0-301F-11D3-BF4B-00C04F79EFBC}") = "0001", "0001\0001.csproj", "{7E0FC2DE-2973-4A62-BD15-16C928FD1C3D}"
EndProject
Project("{FAE04EC0-301F-11D3-BF4B-00C04F79EFBC}") = "0001Tests", "0001Tests\0001Tests.csproj", "{99A1102C-BF2B-45F9-A8BE-7689B807420C}"
EndProject
Project("{FAE04EC0-301F-11D3-BF4B-00C04F79EFBC}") = "0002", "0002\0002.csproj", "{7646F62E-8914-4F97-BB56-0DF3DAED54C2}"
EndProject
Project("{FAE04EC0-301F-11D3-BF4B-00C04F79EFBC}") = "0002Tests", "0002Tests\0002Tests.csproj", "{78E02FAB-4030-4147-A76A-A3C082A57435}"
EndProject
Project("{FAE04EC0-301F-11D3-BF4B-00C04F79EFBC}") = "0003", "0003\0003.csproj", "{374BA2A4-EDE6-497C-97EA-87C0665BFB00}"
EndProject
Project("{FAE04EC0-301F-11D3-BF4B-00C04F79EFBC}") = "0003Tests", "0003Tests\0003Tests.csproj", "{2DEE650A-29B2-49C0-AC1E-1D793EC89BD7}"
EndProject
Project("{FAE04EC0-301F-11D3-BF4B-00C04F79EFBC}") = "0005", "0005\0005.csproj", "{0149C0F7-8CF3-420B-9D0B-77CD4AD321DB}"
EndProject
Project("{FAE04EC0-301F-11D3-BF4B-00C04F79EFBC}") = "0005Tests", "0005Tests\0005Tests.csproj", "{01DB746D-5066-4436-B3F1-CAA484C965D8}"
EndProject
Project("{FAE04EC0-301F-11D3-BF4B-00C04F79EFBC}") = "0014", "0014\0014.csproj", "{09813B04-79FC-472B-9429-596480CBC5E8}"
EndProject
Project("{FAE04EC0-301F-11D3-BF4B-00C04F79EFBC}") = "0014Tests", "0014Tests\0014Tests.csproj", "{BA7EDC89-D0BD-448D-8040-9929429B3788}"
EndProject
Project("{2150E333-8FDC-42A3-9474-1A3956D46DE8}") = "已完成", "已完成", "{C38B9E84-E881-48BB-9372-CA3594228C3F}"
EndProject
Project("{FAE04EC0-301F-11D3-BF4B-00C04F79EFBC}") = "0017", "0017\0017.csproj", "{EA84B3BB-B88F-425D-BCA9-5B5FEE9D93AE}"
EndProject
Project("{FAE04EC0-301F-11D3-BF4B-00C04F79EFBC}") = "0017Tests", "0017Tests\0017Tests.csproj", "{DC190C4A-665D-4DB9-A41C-9F3696EC973F}"
EndProject
Project("{FAE04EC0-301F-11D3-BF4B-00C04F79EFBC}") = "0007", "0007\0007.csproj", "{9D6FE018-6ED5-4E4A-884B-270CA9016F94}"
EndProject
Project("{FAE04EC0-301F-11D3-BF4B-00C04F79EFBC}") = "0007Tests", "0007Tests\0007Tests.csproj", "{51E60CE8-90AA-476E-B74C-25ECF0E9C1CD}"
EndProject
Project("{2150E333-8FDC-42A3-9474-1A3956D46DE8}") = "Solution Items", "Solution Items", "{899833C0-2E52-4BDE-A761-86E1CC33534B}"
	ProjectSection(SolutionItems) = preProject
		ReadMe.md = ReadMe.md
	EndProjectSection
EndProject
Project("{FAE04EC0-301F-11D3-BF4B-00C04F79EFBC}") = "0009", "0009\0009.csproj", "{ABADD0FF-36E9-48A3-824C-63AC936CCA13}"
EndProject
Project("{FAE04EC0-301F-11D3-BF4B-00C04F79EFBC}") = "0009Tests", "0009Tests\0009Tests.csproj", "{71ECAF1A-8EED-4FA8-BC6E-6F5B1E1B5AF8}"
EndProject
Project("{FAE04EC0-301F-11D3-BF4B-00C04F79EFBC}") = "0013", "0013\0013.csproj", "{6F024612-772F-4DAA-9BE9-1D23A77A6154}"
EndProject
Project("{FAE04EC0-301F-11D3-BF4B-00C04F79EFBC}") = "0013Tests", "0013Tests\0013Tests.csproj", "{9E1E6B20-4CE5-40E6-98CB-00253AF271E6}"
EndProject
Project("{FAE04EC0-301F-11D3-BF4B-00C04F79EFBC}") = "0020", "0020\0020.csproj", "{BE733AAF-EC1D-41F4-B4A6-206F891A2061}"
EndProject
Project("{FAE04EC0-301F-11D3-BF4B-00C04F79EFBC}") = "0020Tests", "0020Tests\0020Tests.csproj", "{AD73C131-2249-4E7E-91B2-174012884F4B}"
EndProject
Project("{FAE04EC0-301F-11D3-BF4B-00C04F79EFBC}") = "0021", "0021\0021.csproj", "{67AADA3F-8654-42FB-8E55-E0E8AA5A3756}"
EndProject
Project("{FAE04EC0-301F-11D3-BF4B-00C04F79EFBC}") = "0021Tests", "0021Tests\0021Tests.csproj", "{82F6BD3E-1920-4824-B00E-18A4AEC0A916}"
EndProject
Project("{FAE04EC0-301F-11D3-BF4B-00C04F79EFBC}") = "0026", "0026\0026.csproj", "{30C4BD18-139F-442E-A9CC-85F343734FC3}"
EndProject
Project("{FAE04EC0-301F-11D3-BF4B-00C04F79EFBC}") = "0026Tests", "0026Tests\0026Tests.csproj", "{5676400D-64BD-4DEB-86F9-4B9DD27EE21B}"
EndProject
Project("{FAE04EC0-301F-11D3-BF4B-00C04F79EFBC}") = "0027", "0027\0027.csproj", "{70515D64-D8A3-4D62-83AC-4D0E20B95C1A}"
EndProject
Project("{FAE04EC0-301F-11D3-BF4B-00C04F79EFBC}") = "0027Tests", "0027Tests\0027Tests.csproj", "{1B17D9F0-48DA-4E3F-8450-DD6CAB3EDAE2}"
EndProject
Project("{2150E333-8FDC-42A3-9474-1A3956D46DE8}") = "比赛", "比赛", "{B72EC2EE-68CA-40B5-8281-60C8D57E01BA}"
EndProject
Project("{2150E333-8FDC-42A3-9474-1A3956D46DE8}") = "84", "84", "{1D6B6D3E-3E1D-4FAA-BD6C-83BCE6D6125C}"
EndProject
Project("{2150E333-8FDC-42A3-9474-1A3956D46DE8}") = "进行中", "进行中", "{64A02356-0000-4283-9A13-7DBEECC70862}"
EndProject
Project("{FAE04EC0-301F-11D3-BF4B-00C04F79EFBC}") = "0028", "0028\0028.csproj", "{2B09D58C-880F-4CB5-8AB9-B9CA996EF0E6}"
EndProject
Project("{FAE04EC0-301F-11D3-BF4B-00C04F79EFBC}") = "0832", "0832\0832.csproj", "{ABEB47B1-C9DC-4752-8EF6-102C350A2E52}"
EndProject
Project("{FAE04EC0-301F-11D3-BF4B-00C04F79EFBC}") = "0832Tests", "0832Tests\0832Tests.csproj", "{F040575C-A2E5-4E58-A7E9-920A233DFB95}"
EndProject
Project("{FAE04EC0-301F-11D3-BF4B-00C04F79EFBC}") = "0833", "0833\0833.csproj", "{D6D6BBF4-D9BD-4F44-A23B-0EB3E9B62DF6}"
EndProject
Project("{FAE04EC0-301F-11D3-BF4B-00C04F79EFBC}") = "0833Tests", "0833Tests\0833Tests.csproj", "{1DFF73C2-5945-4398-9695-32CA0640FFC3}"
EndProject
Project("{FAE04EC0-301F-11D3-BF4B-00C04F79EFBC}") = "0028Tests", "0028Tests\0028Tests.csproj", "{2F116CE0-8DFC-4A72-8D76-B08B08C60BC3}"
EndProject
Project("{FAE04EC0-301F-11D3-BF4B-00C04F79EFBC}") = "0035", "0035\0035.csproj", "{00F4E4F9-F33E-49DC-B97A-AC329301865B}"
EndProject
Project("{FAE04EC0-301F-11D3-BF4B-00C04F79EFBC}") = "0035Tests", "0035Tests\0035Tests.csproj", "{FF778E1A-7253-4D88-9F36-DEDE30E3B9E6}"
EndProject
Project("{FAE04EC0-301F-11D3-BF4B-00C04F79EFBC}") = "0038", "0038\0038.csproj", "{3102FD43-5633-45A3-87CC-E5C83587DACB}"
EndProject
Project("{FAE04EC0-301F-11D3-BF4B-00C04F79EFBC}") = "0038Tests", "0038Tests\0038Tests.csproj", "{198789DE-D805-4087-B166-1761034C8F10}"
EndProject
Project("{FAE04EC0-301F-11D3-BF4B-00C04F79EFBC}") = "0058", "0058\0058.csproj", "{A10D8174-BCA2-4BC7-94DD-479EF92768AB}"
EndProject
Project("{FAE04EC0-301F-11D3-BF4B-00C04F79EFBC}") = "0058Tests", "0058Tests\0058Tests.csproj", "{30FAD80A-B9BB-4E4A-989B-E2A29E763A7C}"
EndProject
Project("{FAE04EC0-301F-11D3-BF4B-00C04F79EFBC}") = "0060", "0060\0060.csproj", "{AC14127C-13A2-42AF-8E0C-43B6D5B55D13}"
EndProject
Project("{FAE04EC0-301F-11D3-BF4B-00C04F79EFBC}") = "0060Tests", "0060Tests\0060Tests.csproj", "{8B206E3E-9462-4D65-AAE7-D251F7AB60FC}"
EndProject
Project("{2150E333-8FDC-42A3-9474-1A3956D46DE8}") = "85", "85", "{C6455BE8-562A-4F46-A370-BEA49D3F267E}"
EndProject
Project("{FAE04EC0-301F-11D3-BF4B-00C04F79EFBC}") = "0836", "0836\0836.csproj", "{03D6D671-B1B4-4811-AA84-5077B8607340}"
EndProject
Project("{FAE04EC0-301F-11D3-BF4B-00C04F79EFBC}") = "0836Tests", "0836Tests\0836Tests.csproj", "{3FDDF2DE-AA10-41A9-B435-A88CE136F49A}"
EndProject
Project("{FAE04EC0-301F-11D3-BF4B-00C04F79EFBC}") = "0838", "0838\0838.csproj", "{EDC351E5-E870-4BB5-82AC-725B8C9A42A9}"
EndProject
Project("{FAE04EC0-301F-11D3-BF4B-00C04F79EFBC}") = "0838Tests", "0838Tests\0838Tests.csproj", "{F6E2A454-D248-4551-9BFE-EDE96631EA58}"
EndProject
Project("{FAE04EC0-301F-11D3-BF4B-00C04F79EFBC}") = "0839", "0839\0839.csproj", "{7723F66E-B2EE-4A1D-BF68-D83BD30877C9}"
EndProject
Project("{FAE04EC0-301F-11D3-BF4B-00C04F79EFBC}") = "0839Tests", "0839Tests\0839Tests.csproj", "{263D8911-C3AD-4AEA-A1B5-E9CF3A57D3B1}"
EndProject
Project("{FAE04EC0-301F-11D3-BF4B-00C04F79EFBC}") = "0088", "0088\0088.csproj", "{CE720FC5-E118-4667-90D6-6F0CD65E8E0E}"
EndProject
Project("{FAE04EC0-301F-11D3-BF4B-00C04F79EFBC}") = "0088Tests", "0088Tests\0088Tests.csproj", "{016A1159-99F4-4169-B708-C36AC73A37F6}"
EndProject
Project("{FAE04EC0-301F-11D3-BF4B-00C04F79EFBC}") = "0100", "0100\0100.csproj", "{F8661D88-6E4E-4665-926D-39035CC441FF}"
EndProject
Project("{FAE04EC0-301F-11D3-BF4B-00C04F79EFBC}") = "0100Tests", "0100Tests\0100Tests.csproj", "{6CC1E0C1-9CC5-44FF-B10E-A7D2A9BD093D}"
EndProject
Project("{FAE04EC0-301F-11D3-BF4B-00C04F79EFBC}") = "0101", "0101\0101.csproj", "{433172D6-B6F1-4A57-934A-04A7F062E417}"
EndProject
Project("{D954291E-2A0B-460D-934E-DC6B0785DB48}") = "SharedCode", "SharedCode\SharedCode.shproj", "{D25AAF94-2B9C-477E-8DC2-BBB9EB3615C8}"
EndProject
Project("{FAE04EC0-301F-11D3-BF4B-00C04F79EFBC}") = "0101Tests", "0101Tests\0101Tests.csproj", "{C7983B8E-4548-42A3-B818-63C74B6BE961}"
EndProject
Project("{FAE04EC0-301F-11D3-BF4B-00C04F79EFBC}") = "0104", "0104\0104.csproj", "{45DB7CBA-81DB-4F42-BF4D-2AB829EAFB6E}"
EndProject
Project("{FAE04EC0-301F-11D3-BF4B-00C04F79EFBC}") = "0104Tests", "0104Tests\0104Tests.csproj", "{32356DA1-DF24-4E57-A645-DE7B51ECB78B}"
EndProject
Project("{FAE04EC0-301F-11D3-BF4B-00C04F79EFBC}") = "0107", "0107\0107.csproj", "{DD96674E-FFD0-4AFE-9300-04F6A7BDD65D}"
EndProject
Project("{FAE04EC0-301F-11D3-BF4B-00C04F79EFBC}") = "0107Tests", "0107Tests\0107Tests.csproj", "{BC19E68C-8F1C-42B7-B648-D4A3B959F17A}"
EndProject
Project("{FAE04EC0-301F-11D3-BF4B-00C04F79EFBC}") = "0111", "0111\0111.csproj", "{511F7AD7-123A-4889-9FB7-61D68545CF33}"
EndProject
Project("{FAE04EC0-301F-11D3-BF4B-00C04F79EFBC}") = "0111Tests", "0111Tests\0111Tests.csproj", "{DB56C6E4-BB04-4CF9-B1AF-80CF7702095A}"
EndProject
Global
	GlobalSection(SharedMSBuildProjectFiles) = preSolution
		SharedCode\SharedCode.projitems*{d25aaf94-2b9c-477e-8dc2-bbb9eb3615c8}*SharedItemsImports = 13
	EndGlobalSection
	GlobalSection(SolutionConfigurationPlatforms) = preSolution
		Debug|Any CPU = Debug|Any CPU
		Release|Any CPU = Release|Any CPU
	EndGlobalSection
	GlobalSection(ProjectConfigurationPlatforms) = postSolution
		{7E0FC2DE-2973-4A62-BD15-16C928FD1C3D}.Debug|Any CPU.ActiveCfg = Debug|Any CPU
		{7E0FC2DE-2973-4A62-BD15-16C928FD1C3D}.Debug|Any CPU.Build.0 = Debug|Any CPU
		{7E0FC2DE-2973-4A62-BD15-16C928FD1C3D}.Release|Any CPU.ActiveCfg = Release|Any CPU
		{7E0FC2DE-2973-4A62-BD15-16C928FD1C3D}.Release|Any CPU.Build.0 = Release|Any CPU
		{99A1102C-BF2B-45F9-A8BE-7689B807420C}.Debug|Any CPU.ActiveCfg = Debug|Any CPU
		{99A1102C-BF2B-45F9-A8BE-7689B807420C}.Debug|Any CPU.Build.0 = Debug|Any CPU
		{99A1102C-BF2B-45F9-A8BE-7689B807420C}.Release|Any CPU.ActiveCfg = Release|Any CPU
		{99A1102C-BF2B-45F9-A8BE-7689B807420C}.Release|Any CPU.Build.0 = Release|Any CPU
		{7646F62E-8914-4F97-BB56-0DF3DAED54C2}.Debug|Any CPU.ActiveCfg = Debug|Any CPU
		{7646F62E-8914-4F97-BB56-0DF3DAED54C2}.Debug|Any CPU.Build.0 = Debug|Any CPU
		{7646F62E-8914-4F97-BB56-0DF3DAED54C2}.Release|Any CPU.ActiveCfg = Release|Any CPU
		{7646F62E-8914-4F97-BB56-0DF3DAED54C2}.Release|Any CPU.Build.0 = Release|Any CPU
		{78E02FAB-4030-4147-A76A-A3C082A57435}.Debug|Any CPU.ActiveCfg = Debug|Any CPU
		{78E02FAB-4030-4147-A76A-A3C082A57435}.Debug|Any CPU.Build.0 = Debug|Any CPU
		{78E02FAB-4030-4147-A76A-A3C082A57435}.Release|Any CPU.ActiveCfg = Release|Any CPU
		{78E02FAB-4030-4147-A76A-A3C082A57435}.Release|Any CPU.Build.0 = Release|Any CPU
		{374BA2A4-EDE6-497C-97EA-87C0665BFB00}.Debug|Any CPU.ActiveCfg = Debug|Any CPU
		{374BA2A4-EDE6-497C-97EA-87C0665BFB00}.Debug|Any CPU.Build.0 = Debug|Any CPU
		{374BA2A4-EDE6-497C-97EA-87C0665BFB00}.Release|Any CPU.ActiveCfg = Release|Any CPU
		{374BA2A4-EDE6-497C-97EA-87C0665BFB00}.Release|Any CPU.Build.0 = Release|Any CPU
		{2DEE650A-29B2-49C0-AC1E-1D793EC89BD7}.Debug|Any CPU.ActiveCfg = Debug|Any CPU
		{2DEE650A-29B2-49C0-AC1E-1D793EC89BD7}.Debug|Any CPU.Build.0 = Debug|Any CPU
		{2DEE650A-29B2-49C0-AC1E-1D793EC89BD7}.Release|Any CPU.ActiveCfg = Release|Any CPU
		{2DEE650A-29B2-49C0-AC1E-1D793EC89BD7}.Release|Any CPU.Build.0 = Release|Any CPU
		{0149C0F7-8CF3-420B-9D0B-77CD4AD321DB}.Debug|Any CPU.ActiveCfg = Debug|Any CPU
		{0149C0F7-8CF3-420B-9D0B-77CD4AD321DB}.Debug|Any CPU.Build.0 = Debug|Any CPU
		{0149C0F7-8CF3-420B-9D0B-77CD4AD321DB}.Release|Any CPU.ActiveCfg = Release|Any CPU
		{0149C0F7-8CF3-420B-9D0B-77CD4AD321DB}.Release|Any CPU.Build.0 = Release|Any CPU
		{01DB746D-5066-4436-B3F1-CAA484C965D8}.Debug|Any CPU.ActiveCfg = Debug|Any CPU
		{01DB746D-5066-4436-B3F1-CAA484C965D8}.Debug|Any CPU.Build.0 = Debug|Any CPU
		{01DB746D-5066-4436-B3F1-CAA484C965D8}.Release|Any CPU.ActiveCfg = Release|Any CPU
		{01DB746D-5066-4436-B3F1-CAA484C965D8}.Release|Any CPU.Build.0 = Release|Any CPU
		{09813B04-79FC-472B-9429-596480CBC5E8}.Debug|Any CPU.ActiveCfg = Debug|Any CPU
		{09813B04-79FC-472B-9429-596480CBC5E8}.Debug|Any CPU.Build.0 = Debug|Any CPU
		{09813B04-79FC-472B-9429-596480CBC5E8}.Release|Any CPU.ActiveCfg = Release|Any CPU
		{09813B04-79FC-472B-9429-596480CBC5E8}.Release|Any CPU.Build.0 = Release|Any CPU
		{BA7EDC89-D0BD-448D-8040-9929429B3788}.Debug|Any CPU.ActiveCfg = Debug|Any CPU
		{BA7EDC89-D0BD-448D-8040-9929429B3788}.Debug|Any CPU.Build.0 = Debug|Any CPU
		{BA7EDC89-D0BD-448D-8040-9929429B3788}.Release|Any CPU.ActiveCfg = Release|Any CPU
		{BA7EDC89-D0BD-448D-8040-9929429B3788}.Release|Any CPU.Build.0 = Release|Any CPU
		{EA84B3BB-B88F-425D-BCA9-5B5FEE9D93AE}.Debug|Any CPU.ActiveCfg = Debug|Any CPU
		{EA84B3BB-B88F-425D-BCA9-5B5FEE9D93AE}.Debug|Any CPU.Build.0 = Debug|Any CPU
		{EA84B3BB-B88F-425D-BCA9-5B5FEE9D93AE}.Release|Any CPU.ActiveCfg = Release|Any CPU
		{EA84B3BB-B88F-425D-BCA9-5B5FEE9D93AE}.Release|Any CPU.Build.0 = Release|Any CPU
		{DC190C4A-665D-4DB9-A41C-9F3696EC973F}.Debug|Any CPU.ActiveCfg = Debug|Any CPU
		{DC190C4A-665D-4DB9-A41C-9F3696EC973F}.Debug|Any CPU.Build.0 = Debug|Any CPU
		{DC190C4A-665D-4DB9-A41C-9F3696EC973F}.Release|Any CPU.ActiveCfg = Release|Any CPU
		{DC190C4A-665D-4DB9-A41C-9F3696EC973F}.Release|Any CPU.Build.0 = Release|Any CPU
		{9D6FE018-6ED5-4E4A-884B-270CA9016F94}.Debug|Any CPU.ActiveCfg = Debug|Any CPU
		{9D6FE018-6ED5-4E4A-884B-270CA9016F94}.Debug|Any CPU.Build.0 = Debug|Any CPU
		{9D6FE018-6ED5-4E4A-884B-270CA9016F94}.Release|Any CPU.ActiveCfg = Release|Any CPU
		{9D6FE018-6ED5-4E4A-884B-270CA9016F94}.Release|Any CPU.Build.0 = Release|Any CPU
		{51E60CE8-90AA-476E-B74C-25ECF0E9C1CD}.Debug|Any CPU.ActiveCfg = Debug|Any CPU
		{51E60CE8-90AA-476E-B74C-25ECF0E9C1CD}.Debug|Any CPU.Build.0 = Debug|Any CPU
		{51E60CE8-90AA-476E-B74C-25ECF0E9C1CD}.Release|Any CPU.ActiveCfg = Release|Any CPU
		{51E60CE8-90AA-476E-B74C-25ECF0E9C1CD}.Release|Any CPU.Build.0 = Release|Any CPU
		{ABADD0FF-36E9-48A3-824C-63AC936CCA13}.Debug|Any CPU.ActiveCfg = Debug|Any CPU
		{ABADD0FF-36E9-48A3-824C-63AC936CCA13}.Debug|Any CPU.Build.0 = Debug|Any CPU
		{ABADD0FF-36E9-48A3-824C-63AC936CCA13}.Release|Any CPU.ActiveCfg = Release|Any CPU
		{ABADD0FF-36E9-48A3-824C-63AC936CCA13}.Release|Any CPU.Build.0 = Release|Any CPU
		{71ECAF1A-8EED-4FA8-BC6E-6F5B1E1B5AF8}.Debug|Any CPU.ActiveCfg = Debug|Any CPU
		{71ECAF1A-8EED-4FA8-BC6E-6F5B1E1B5AF8}.Debug|Any CPU.Build.0 = Debug|Any CPU
		{71ECAF1A-8EED-4FA8-BC6E-6F5B1E1B5AF8}.Release|Any CPU.ActiveCfg = Release|Any CPU
		{71ECAF1A-8EED-4FA8-BC6E-6F5B1E1B5AF8}.Release|Any CPU.Build.0 = Release|Any CPU
		{6F024612-772F-4DAA-9BE9-1D23A77A6154}.Debug|Any CPU.ActiveCfg = Debug|Any CPU
		{6F024612-772F-4DAA-9BE9-1D23A77A6154}.Debug|Any CPU.Build.0 = Debug|Any CPU
		{6F024612-772F-4DAA-9BE9-1D23A77A6154}.Release|Any CPU.ActiveCfg = Release|Any CPU
		{6F024612-772F-4DAA-9BE9-1D23A77A6154}.Release|Any CPU.Build.0 = Release|Any CPU
		{9E1E6B20-4CE5-40E6-98CB-00253AF271E6}.Debug|Any CPU.ActiveCfg = Debug|Any CPU
		{9E1E6B20-4CE5-40E6-98CB-00253AF271E6}.Debug|Any CPU.Build.0 = Debug|Any CPU
		{9E1E6B20-4CE5-40E6-98CB-00253AF271E6}.Release|Any CPU.ActiveCfg = Release|Any CPU
		{9E1E6B20-4CE5-40E6-98CB-00253AF271E6}.Release|Any CPU.Build.0 = Release|Any CPU
		{BE733AAF-EC1D-41F4-B4A6-206F891A2061}.Debug|Any CPU.ActiveCfg = Debug|Any CPU
		{BE733AAF-EC1D-41F4-B4A6-206F891A2061}.Debug|Any CPU.Build.0 = Debug|Any CPU
		{BE733AAF-EC1D-41F4-B4A6-206F891A2061}.Release|Any CPU.ActiveCfg = Release|Any CPU
		{BE733AAF-EC1D-41F4-B4A6-206F891A2061}.Release|Any CPU.Build.0 = Release|Any CPU
		{AD73C131-2249-4E7E-91B2-174012884F4B}.Debug|Any CPU.ActiveCfg = Debug|Any CPU
		{AD73C131-2249-4E7E-91B2-174012884F4B}.Debug|Any CPU.Build.0 = Debug|Any CPU
		{AD73C131-2249-4E7E-91B2-174012884F4B}.Release|Any CPU.ActiveCfg = Release|Any CPU
		{AD73C131-2249-4E7E-91B2-174012884F4B}.Release|Any CPU.Build.0 = Release|Any CPU
		{67AADA3F-8654-42FB-8E55-E0E8AA5A3756}.Debug|Any CPU.ActiveCfg = Debug|Any CPU
		{67AADA3F-8654-42FB-8E55-E0E8AA5A3756}.Debug|Any CPU.Build.0 = Debug|Any CPU
		{67AADA3F-8654-42FB-8E55-E0E8AA5A3756}.Release|Any CPU.ActiveCfg = Release|Any CPU
		{67AADA3F-8654-42FB-8E55-E0E8AA5A3756}.Release|Any CPU.Build.0 = Release|Any CPU
		{82F6BD3E-1920-4824-B00E-18A4AEC0A916}.Debug|Any CPU.ActiveCfg = Debug|Any CPU
		{82F6BD3E-1920-4824-B00E-18A4AEC0A916}.Debug|Any CPU.Build.0 = Debug|Any CPU
		{82F6BD3E-1920-4824-B00E-18A4AEC0A916}.Release|Any CPU.ActiveCfg = Release|Any CPU
		{82F6BD3E-1920-4824-B00E-18A4AEC0A916}.Release|Any CPU.Build.0 = Release|Any CPU
		{30C4BD18-139F-442E-A9CC-85F343734FC3}.Debug|Any CPU.ActiveCfg = Debug|Any CPU
		{30C4BD18-139F-442E-A9CC-85F343734FC3}.Debug|Any CPU.Build.0 = Debug|Any CPU
		{30C4BD18-139F-442E-A9CC-85F343734FC3}.Release|Any CPU.ActiveCfg = Release|Any CPU
		{30C4BD18-139F-442E-A9CC-85F343734FC3}.Release|Any CPU.Build.0 = Release|Any CPU
		{5676400D-64BD-4DEB-86F9-4B9DD27EE21B}.Debug|Any CPU.ActiveCfg = Debug|Any CPU
		{5676400D-64BD-4DEB-86F9-4B9DD27EE21B}.Debug|Any CPU.Build.0 = Debug|Any CPU
		{5676400D-64BD-4DEB-86F9-4B9DD27EE21B}.Release|Any CPU.ActiveCfg = Release|Any CPU
		{5676400D-64BD-4DEB-86F9-4B9DD27EE21B}.Release|Any CPU.Build.0 = Release|Any CPU
		{70515D64-D8A3-4D62-83AC-4D0E20B95C1A}.Debug|Any CPU.ActiveCfg = Debug|Any CPU
		{70515D64-D8A3-4D62-83AC-4D0E20B95C1A}.Debug|Any CPU.Build.0 = Debug|Any CPU
		{70515D64-D8A3-4D62-83AC-4D0E20B95C1A}.Release|Any CPU.ActiveCfg = Release|Any CPU
		{70515D64-D8A3-4D62-83AC-4D0E20B95C1A}.Release|Any CPU.Build.0 = Release|Any CPU
		{1B17D9F0-48DA-4E3F-8450-DD6CAB3EDAE2}.Debug|Any CPU.ActiveCfg = Debug|Any CPU
		{1B17D9F0-48DA-4E3F-8450-DD6CAB3EDAE2}.Debug|Any CPU.Build.0 = Debug|Any CPU
		{1B17D9F0-48DA-4E3F-8450-DD6CAB3EDAE2}.Release|Any CPU.ActiveCfg = Release|Any CPU
		{1B17D9F0-48DA-4E3F-8450-DD6CAB3EDAE2}.Release|Any CPU.Build.0 = Release|Any CPU
		{2B09D58C-880F-4CB5-8AB9-B9CA996EF0E6}.Debug|Any CPU.ActiveCfg = Debug|Any CPU
		{2B09D58C-880F-4CB5-8AB9-B9CA996EF0E6}.Debug|Any CPU.Build.0 = Debug|Any CPU
		{2B09D58C-880F-4CB5-8AB9-B9CA996EF0E6}.Release|Any CPU.ActiveCfg = Release|Any CPU
		{2B09D58C-880F-4CB5-8AB9-B9CA996EF0E6}.Release|Any CPU.Build.0 = Release|Any CPU
		{ABEB47B1-C9DC-4752-8EF6-102C350A2E52}.Debug|Any CPU.ActiveCfg = Debug|Any CPU
		{ABEB47B1-C9DC-4752-8EF6-102C350A2E52}.Debug|Any CPU.Build.0 = Debug|Any CPU
		{ABEB47B1-C9DC-4752-8EF6-102C350A2E52}.Release|Any CPU.ActiveCfg = Release|Any CPU
		{ABEB47B1-C9DC-4752-8EF6-102C350A2E52}.Release|Any CPU.Build.0 = Release|Any CPU
		{F040575C-A2E5-4E58-A7E9-920A233DFB95}.Debug|Any CPU.ActiveCfg = Debug|Any CPU
		{F040575C-A2E5-4E58-A7E9-920A233DFB95}.Debug|Any CPU.Build.0 = Debug|Any CPU
		{F040575C-A2E5-4E58-A7E9-920A233DFB95}.Release|Any CPU.ActiveCfg = Release|Any CPU
		{F040575C-A2E5-4E58-A7E9-920A233DFB95}.Release|Any CPU.Build.0 = Release|Any CPU
		{D6D6BBF4-D9BD-4F44-A23B-0EB3E9B62DF6}.Debug|Any CPU.ActiveCfg = Debug|Any CPU
		{D6D6BBF4-D9BD-4F44-A23B-0EB3E9B62DF6}.Debug|Any CPU.Build.0 = Debug|Any CPU
		{D6D6BBF4-D9BD-4F44-A23B-0EB3E9B62DF6}.Release|Any CPU.ActiveCfg = Release|Any CPU
		{D6D6BBF4-D9BD-4F44-A23B-0EB3E9B62DF6}.Release|Any CPU.Build.0 = Release|Any CPU
		{1DFF73C2-5945-4398-9695-32CA0640FFC3}.Debug|Any CPU.ActiveCfg = Debug|Any CPU
		{1DFF73C2-5945-4398-9695-32CA0640FFC3}.Debug|Any CPU.Build.0 = Debug|Any CPU
		{1DFF73C2-5945-4398-9695-32CA0640FFC3}.Release|Any CPU.ActiveCfg = Release|Any CPU
		{1DFF73C2-5945-4398-9695-32CA0640FFC3}.Release|Any CPU.Build.0 = Release|Any CPU
		{2F116CE0-8DFC-4A72-8D76-B08B08C60BC3}.Debug|Any CPU.ActiveCfg = Debug|Any CPU
		{2F116CE0-8DFC-4A72-8D76-B08B08C60BC3}.Debug|Any CPU.Build.0 = Debug|Any CPU
		{2F116CE0-8DFC-4A72-8D76-B08B08C60BC3}.Release|Any CPU.ActiveCfg = Release|Any CPU
		{2F116CE0-8DFC-4A72-8D76-B08B08C60BC3}.Release|Any CPU.Build.0 = Release|Any CPU
		{00F4E4F9-F33E-49DC-B97A-AC329301865B}.Debug|Any CPU.ActiveCfg = Debug|Any CPU
		{00F4E4F9-F33E-49DC-B97A-AC329301865B}.Debug|Any CPU.Build.0 = Debug|Any CPU
		{00F4E4F9-F33E-49DC-B97A-AC329301865B}.Release|Any CPU.ActiveCfg = Release|Any CPU
		{00F4E4F9-F33E-49DC-B97A-AC329301865B}.Release|Any CPU.Build.0 = Release|Any CPU
		{FF778E1A-7253-4D88-9F36-DEDE30E3B9E6}.Debug|Any CPU.ActiveCfg = Debug|Any CPU
		{FF778E1A-7253-4D88-9F36-DEDE30E3B9E6}.Debug|Any CPU.Build.0 = Debug|Any CPU
		{FF778E1A-7253-4D88-9F36-DEDE30E3B9E6}.Release|Any CPU.ActiveCfg = Release|Any CPU
		{FF778E1A-7253-4D88-9F36-DEDE30E3B9E6}.Release|Any CPU.Build.0 = Release|Any CPU
		{3102FD43-5633-45A3-87CC-E5C83587DACB}.Debug|Any CPU.ActiveCfg = Debug|Any CPU
		{3102FD43-5633-45A3-87CC-E5C83587DACB}.Debug|Any CPU.Build.0 = Debug|Any CPU
		{3102FD43-5633-45A3-87CC-E5C83587DACB}.Release|Any CPU.ActiveCfg = Release|Any CPU
		{3102FD43-5633-45A3-87CC-E5C83587DACB}.Release|Any CPU.Build.0 = Release|Any CPU
		{198789DE-D805-4087-B166-1761034C8F10}.Debug|Any CPU.ActiveCfg = Debug|Any CPU
		{198789DE-D805-4087-B166-1761034C8F10}.Debug|Any CPU.Build.0 = Debug|Any CPU
		{198789DE-D805-4087-B166-1761034C8F10}.Release|Any CPU.ActiveCfg = Release|Any CPU
		{198789DE-D805-4087-B166-1761034C8F10}.Release|Any CPU.Build.0 = Release|Any CPU
		{A10D8174-BCA2-4BC7-94DD-479EF92768AB}.Debug|Any CPU.ActiveCfg = Debug|Any CPU
		{A10D8174-BCA2-4BC7-94DD-479EF92768AB}.Debug|Any CPU.Build.0 = Debug|Any CPU
		{A10D8174-BCA2-4BC7-94DD-479EF92768AB}.Release|Any CPU.ActiveCfg = Release|Any CPU
		{A10D8174-BCA2-4BC7-94DD-479EF92768AB}.Release|Any CPU.Build.0 = Release|Any CPU
		{30FAD80A-B9BB-4E4A-989B-E2A29E763A7C}.Debug|Any CPU.ActiveCfg = Debug|Any CPU
		{30FAD80A-B9BB-4E4A-989B-E2A29E763A7C}.Debug|Any CPU.Build.0 = Debug|Any CPU
		{30FAD80A-B9BB-4E4A-989B-E2A29E763A7C}.Release|Any CPU.ActiveCfg = Release|Any CPU
		{30FAD80A-B9BB-4E4A-989B-E2A29E763A7C}.Release|Any CPU.Build.0 = Release|Any CPU
		{AC14127C-13A2-42AF-8E0C-43B6D5B55D13}.Debug|Any CPU.ActiveCfg = Debug|Any CPU
		{AC14127C-13A2-42AF-8E0C-43B6D5B55D13}.Debug|Any CPU.Build.0 = Debug|Any CPU
		{AC14127C-13A2-42AF-8E0C-43B6D5B55D13}.Release|Any CPU.ActiveCfg = Release|Any CPU
		{AC14127C-13A2-42AF-8E0C-43B6D5B55D13}.Release|Any CPU.Build.0 = Release|Any CPU
		{8B206E3E-9462-4D65-AAE7-D251F7AB60FC}.Debug|Any CPU.ActiveCfg = Debug|Any CPU
		{8B206E3E-9462-4D65-AAE7-D251F7AB60FC}.Debug|Any CPU.Build.0 = Debug|Any CPU
		{8B206E3E-9462-4D65-AAE7-D251F7AB60FC}.Release|Any CPU.ActiveCfg = Release|Any CPU
		{8B206E3E-9462-4D65-AAE7-D251F7AB60FC}.Release|Any CPU.Build.0 = Release|Any CPU
		{03D6D671-B1B4-4811-AA84-5077B8607340}.Debug|Any CPU.ActiveCfg = Debug|Any CPU
		{03D6D671-B1B4-4811-AA84-5077B8607340}.Debug|Any CPU.Build.0 = Debug|Any CPU
		{03D6D671-B1B4-4811-AA84-5077B8607340}.Release|Any CPU.ActiveCfg = Release|Any CPU
		{03D6D671-B1B4-4811-AA84-5077B8607340}.Release|Any CPU.Build.0 = Release|Any CPU
		{3FDDF2DE-AA10-41A9-B435-A88CE136F49A}.Debug|Any CPU.ActiveCfg = Debug|Any CPU
		{3FDDF2DE-AA10-41A9-B435-A88CE136F49A}.Debug|Any CPU.Build.0 = Debug|Any CPU
		{3FDDF2DE-AA10-41A9-B435-A88CE136F49A}.Release|Any CPU.ActiveCfg = Release|Any CPU
		{3FDDF2DE-AA10-41A9-B435-A88CE136F49A}.Release|Any CPU.Build.0 = Release|Any CPU
		{EDC351E5-E870-4BB5-82AC-725B8C9A42A9}.Debug|Any CPU.ActiveCfg = Debug|Any CPU
		{EDC351E5-E870-4BB5-82AC-725B8C9A42A9}.Debug|Any CPU.Build.0 = Debug|Any CPU
		{EDC351E5-E870-4BB5-82AC-725B8C9A42A9}.Release|Any CPU.ActiveCfg = Release|Any CPU
		{EDC351E5-E870-4BB5-82AC-725B8C9A42A9}.Release|Any CPU.Build.0 = Release|Any CPU
		{F6E2A454-D248-4551-9BFE-EDE96631EA58}.Debug|Any CPU.ActiveCfg = Debug|Any CPU
		{F6E2A454-D248-4551-9BFE-EDE96631EA58}.Debug|Any CPU.Build.0 = Debug|Any CPU
		{F6E2A454-D248-4551-9BFE-EDE96631EA58}.Release|Any CPU.ActiveCfg = Release|Any CPU
		{F6E2A454-D248-4551-9BFE-EDE96631EA58}.Release|Any CPU.Build.0 = Release|Any CPU
		{7723F66E-B2EE-4A1D-BF68-D83BD30877C9}.Debug|Any CPU.ActiveCfg = Debug|Any CPU
		{7723F66E-B2EE-4A1D-BF68-D83BD30877C9}.Debug|Any CPU.Build.0 = Debug|Any CPU
		{7723F66E-B2EE-4A1D-BF68-D83BD30877C9}.Release|Any CPU.ActiveCfg = Release|Any CPU
		{7723F66E-B2EE-4A1D-BF68-D83BD30877C9}.Release|Any CPU.Build.0 = Release|Any CPU
		{263D8911-C3AD-4AEA-A1B5-E9CF3A57D3B1}.Debug|Any CPU.ActiveCfg = Debug|Any CPU
		{263D8911-C3AD-4AEA-A1B5-E9CF3A57D3B1}.Debug|Any CPU.Build.0 = Debug|Any CPU
		{263D8911-C3AD-4AEA-A1B5-E9CF3A57D3B1}.Release|Any CPU.ActiveCfg = Release|Any CPU
		{263D8911-C3AD-4AEA-A1B5-E9CF3A57D3B1}.Release|Any CPU.Build.0 = Release|Any CPU
		{CE720FC5-E118-4667-90D6-6F0CD65E8E0E}.Debug|Any CPU.ActiveCfg = Debug|Any CPU
		{CE720FC5-E118-4667-90D6-6F0CD65E8E0E}.Debug|Any CPU.Build.0 = Debug|Any CPU
		{CE720FC5-E118-4667-90D6-6F0CD65E8E0E}.Release|Any CPU.ActiveCfg = Release|Any CPU
		{CE720FC5-E118-4667-90D6-6F0CD65E8E0E}.Release|Any CPU.Build.0 = Release|Any CPU
		{016A1159-99F4-4169-B708-C36AC73A37F6}.Debug|Any CPU.ActiveCfg = Debug|Any CPU
		{016A1159-99F4-4169-B708-C36AC73A37F6}.Debug|Any CPU.Build.0 = Debug|Any CPU
		{016A1159-99F4-4169-B708-C36AC73A37F6}.Release|Any CPU.ActiveCfg = Release|Any CPU
		{016A1159-99F4-4169-B708-C36AC73A37F6}.Release|Any CPU.Build.0 = Release|Any CPU
		{F8661D88-6E4E-4665-926D-39035CC441FF}.Debug|Any CPU.ActiveCfg = Debug|Any CPU
		{F8661D88-6E4E-4665-926D-39035CC441FF}.Debug|Any CPU.Build.0 = Debug|Any CPU
		{F8661D88-6E4E-4665-926D-39035CC441FF}.Release|Any CPU.ActiveCfg = Release|Any CPU
		{F8661D88-6E4E-4665-926D-39035CC441FF}.Release|Any CPU.Build.0 = Release|Any CPU
		{6CC1E0C1-9CC5-44FF-B10E-A7D2A9BD093D}.Debug|Any CPU.ActiveCfg = Debug|Any CPU
		{6CC1E0C1-9CC5-44FF-B10E-A7D2A9BD093D}.Debug|Any CPU.Build.0 = Debug|Any CPU
		{6CC1E0C1-9CC5-44FF-B10E-A7D2A9BD093D}.Release|Any CPU.ActiveCfg = Release|Any CPU
		{6CC1E0C1-9CC5-44FF-B10E-A7D2A9BD093D}.Release|Any CPU.Build.0 = Release|Any CPU
		{433172D6-B6F1-4A57-934A-04A7F062E417}.Debug|Any CPU.ActiveCfg = Debug|Any CPU
		{433172D6-B6F1-4A57-934A-04A7F062E417}.Debug|Any CPU.Build.0 = Debug|Any CPU
		{433172D6-B6F1-4A57-934A-04A7F062E417}.Release|Any CPU.ActiveCfg = Release|Any CPU
		{433172D6-B6F1-4A57-934A-04A7F062E417}.Release|Any CPU.Build.0 = Release|Any CPU
		{C7983B8E-4548-42A3-B818-63C74B6BE961}.Debug|Any CPU.ActiveCfg = Debug|Any CPU
		{C7983B8E-4548-42A3-B818-63C74B6BE961}.Debug|Any CPU.Build.0 = Debug|Any CPU
		{C7983B8E-4548-42A3-B818-63C74B6BE961}.Release|Any CPU.ActiveCfg = Release|Any CPU
		{C7983B8E-4548-42A3-B818-63C74B6BE961}.Release|Any CPU.Build.0 = Release|Any CPU
		{45DB7CBA-81DB-4F42-BF4D-2AB829EAFB6E}.Debug|Any CPU.ActiveCfg = Debug|Any CPU
		{45DB7CBA-81DB-4F42-BF4D-2AB829EAFB6E}.Debug|Any CPU.Build.0 = Debug|Any CPU
		{45DB7CBA-81DB-4F42-BF4D-2AB829EAFB6E}.Release|Any CPU.ActiveCfg = Release|Any CPU
		{45DB7CBA-81DB-4F42-BF4D-2AB829EAFB6E}.Release|Any CPU.Build.0 = Release|Any CPU
		{32356DA1-DF24-4E57-A645-DE7B51ECB78B}.Debug|Any CPU.ActiveCfg = Debug|Any CPU
		{32356DA1-DF24-4E57-A645-DE7B51ECB78B}.Debug|Any CPU.Build.0 = Debug|Any CPU
		{32356DA1-DF24-4E57-A645-DE7B51ECB78B}.Release|Any CPU.ActiveCfg = Release|Any CPU
		{32356DA1-DF24-4E57-A645-DE7B51ECB78B}.Release|Any CPU.Build.0 = Release|Any CPU
		{DD96674E-FFD0-4AFE-9300-04F6A7BDD65D}.Debug|Any CPU.ActiveCfg = Debug|Any CPU
		{DD96674E-FFD0-4AFE-9300-04F6A7BDD65D}.Debug|Any CPU.Build.0 = Debug|Any CPU
		{DD96674E-FFD0-4AFE-9300-04F6A7BDD65D}.Release|Any CPU.ActiveCfg = Release|Any CPU
		{DD96674E-FFD0-4AFE-9300-04F6A7BDD65D}.Release|Any CPU.Build.0 = Release|Any CPU
		{BC19E68C-8F1C-42B7-B648-D4A3B959F17A}.Debug|Any CPU.ActiveCfg = Debug|Any CPU
		{BC19E68C-8F1C-42B7-B648-D4A3B959F17A}.Debug|Any CPU.Build.0 = Debug|Any CPU
		{BC19E68C-8F1C-42B7-B648-D4A3B959F17A}.Release|Any CPU.ActiveCfg = Release|Any CPU
		{BC19E68C-8F1C-42B7-B648-D4A3B959F17A}.Release|Any CPU.Build.0 = Release|Any CPU
		{511F7AD7-123A-4889-9FB7-61D68545CF33}.Debug|Any CPU.ActiveCfg = Debug|Any CPU
		{511F7AD7-123A-4889-9FB7-61D68545CF33}.Debug|Any CPU.Build.0 = Debug|Any CPU
		{511F7AD7-123A-4889-9FB7-61D68545CF33}.Release|Any CPU.ActiveCfg = Release|Any CPU
		{511F7AD7-123A-4889-9FB7-61D68545CF33}.Release|Any CPU.Build.0 = Release|Any CPU
		{DB56C6E4-BB04-4CF9-B1AF-80CF7702095A}.Debug|Any CPU.ActiveCfg = Debug|Any CPU
		{DB56C6E4-BB04-4CF9-B1AF-80CF7702095A}.Debug|Any CPU.Build.0 = Debug|Any CPU
		{DB56C6E4-BB04-4CF9-B1AF-80CF7702095A}.Release|Any CPU.ActiveCfg = Release|Any CPU
		{DB56C6E4-BB04-4CF9-B1AF-80CF7702095A}.Release|Any CPU.Build.0 = Release|Any CPU
	EndGlobalSection
	GlobalSection(SolutionProperties) = preSolution
		HideSolutionNode = FALSE
	EndGlobalSection
	GlobalSection(NestedProjects) = preSolution
		{7E0FC2DE-2973-4A62-BD15-16C928FD1C3D} = {C38B9E84-E881-48BB-9372-CA3594228C3F}
		{99A1102C-BF2B-45F9-A8BE-7689B807420C} = {C38B9E84-E881-48BB-9372-CA3594228C3F}
		{7646F62E-8914-4F97-BB56-0DF3DAED54C2} = {C38B9E84-E881-48BB-9372-CA3594228C3F}
		{78E02FAB-4030-4147-A76A-A3C082A57435} = {C38B9E84-E881-48BB-9372-CA3594228C3F}
		{374BA2A4-EDE6-497C-97EA-87C0665BFB00} = {C38B9E84-E881-48BB-9372-CA3594228C3F}
		{2DEE650A-29B2-49C0-AC1E-1D793EC89BD7} = {C38B9E84-E881-48BB-9372-CA3594228C3F}
		{0149C0F7-8CF3-420B-9D0B-77CD4AD321DB} = {64A02356-0000-4283-9A13-7DBEECC70862}
		{01DB746D-5066-4436-B3F1-CAA484C965D8} = {64A02356-0000-4283-9A13-7DBEECC70862}
		{09813B04-79FC-472B-9429-596480CBC5E8} = {C38B9E84-E881-48BB-9372-CA3594228C3F}
		{BA7EDC89-D0BD-448D-8040-9929429B3788} = {C38B9E84-E881-48BB-9372-CA3594228C3F}
		{EA84B3BB-B88F-425D-BCA9-5B5FEE9D93AE} = {C38B9E84-E881-48BB-9372-CA3594228C3F}
		{DC190C4A-665D-4DB9-A41C-9F3696EC973F} = {C38B9E84-E881-48BB-9372-CA3594228C3F}
		{9D6FE018-6ED5-4E4A-884B-270CA9016F94} = {C38B9E84-E881-48BB-9372-CA3594228C3F}
		{51E60CE8-90AA-476E-B74C-25ECF0E9C1CD} = {C38B9E84-E881-48BB-9372-CA3594228C3F}
		{ABADD0FF-36E9-48A3-824C-63AC936CCA13} = {C38B9E84-E881-48BB-9372-CA3594228C3F}
		{71ECAF1A-8EED-4FA8-BC6E-6F5B1E1B5AF8} = {C38B9E84-E881-48BB-9372-CA3594228C3F}
		{6F024612-772F-4DAA-9BE9-1D23A77A6154} = {C38B9E84-E881-48BB-9372-CA3594228C3F}
		{9E1E6B20-4CE5-40E6-98CB-00253AF271E6} = {C38B9E84-E881-48BB-9372-CA3594228C3F}
		{BE733AAF-EC1D-41F4-B4A6-206F891A2061} = {C38B9E84-E881-48BB-9372-CA3594228C3F}
		{AD73C131-2249-4E7E-91B2-174012884F4B} = {C38B9E84-E881-48BB-9372-CA3594228C3F}
		{67AADA3F-8654-42FB-8E55-E0E8AA5A3756} = {C38B9E84-E881-48BB-9372-CA3594228C3F}
		{82F6BD3E-1920-4824-B00E-18A4AEC0A916} = {C38B9E84-E881-48BB-9372-CA3594228C3F}
		{30C4BD18-139F-442E-A9CC-85F343734FC3} = {C38B9E84-E881-48BB-9372-CA3594228C3F}
		{5676400D-64BD-4DEB-86F9-4B9DD27EE21B} = {C38B9E84-E881-48BB-9372-CA3594228C3F}
		{70515D64-D8A3-4D62-83AC-4D0E20B95C1A} = {C38B9E84-E881-48BB-9372-CA3594228C3F}
		{1B17D9F0-48DA-4E3F-8450-DD6CAB3EDAE2} = {C38B9E84-E881-48BB-9372-CA3594228C3F}
		{1D6B6D3E-3E1D-4FAA-BD6C-83BCE6D6125C} = {B72EC2EE-68CA-40B5-8281-60C8D57E01BA}
		{2B09D58C-880F-4CB5-8AB9-B9CA996EF0E6} = {C38B9E84-E881-48BB-9372-CA3594228C3F}
		{ABEB47B1-C9DC-4752-8EF6-102C350A2E52} = {1D6B6D3E-3E1D-4FAA-BD6C-83BCE6D6125C}
		{F040575C-A2E5-4E58-A7E9-920A233DFB95} = {1D6B6D3E-3E1D-4FAA-BD6C-83BCE6D6125C}
		{D6D6BBF4-D9BD-4F44-A23B-0EB3E9B62DF6} = {1D6B6D3E-3E1D-4FAA-BD6C-83BCE6D6125C}
		{1DFF73C2-5945-4398-9695-32CA0640FFC3} = {1D6B6D3E-3E1D-4FAA-BD6C-83BCE6D6125C}
		{2F116CE0-8DFC-4A72-8D76-B08B08C60BC3} = {C38B9E84-E881-48BB-9372-CA3594228C3F}
		{00F4E4F9-F33E-49DC-B97A-AC329301865B} = {C38B9E84-E881-48BB-9372-CA3594228C3F}
		{FF778E1A-7253-4D88-9F36-DEDE30E3B9E6} = {C38B9E84-E881-48BB-9372-CA3594228C3F}
		{3102FD43-5633-45A3-87CC-E5C83587DACB} = {C38B9E84-E881-48BB-9372-CA3594228C3F}
		{198789DE-D805-4087-B166-1761034C8F10} = {C38B9E84-E881-48BB-9372-CA3594228C3F}
		{A10D8174-BCA2-4BC7-94DD-479EF92768AB} = {C38B9E84-E881-48BB-9372-CA3594228C3F}
		{30FAD80A-B9BB-4E4A-989B-E2A29E763A7C} = {C38B9E84-E881-48BB-9372-CA3594228C3F}
		{AC14127C-13A2-42AF-8E0C-43B6D5B55D13} = {C38B9E84-E881-48BB-9372-CA3594228C3F}
		{8B206E3E-9462-4D65-AAE7-D251F7AB60FC} = {C38B9E84-E881-48BB-9372-CA3594228C3F}
		{C6455BE8-562A-4F46-A370-BEA49D3F267E} = {B72EC2EE-68CA-40B5-8281-60C8D57E01BA}
		{03D6D671-B1B4-4811-AA84-5077B8607340} = {C6455BE8-562A-4F46-A370-BEA49D3F267E}
		{3FDDF2DE-AA10-41A9-B435-A88CE136F49A} = {C6455BE8-562A-4F46-A370-BEA49D3F267E}
		{EDC351E5-E870-4BB5-82AC-725B8C9A42A9} = {C6455BE8-562A-4F46-A370-BEA49D3F267E}
		{F6E2A454-D248-4551-9BFE-EDE96631EA58} = {C6455BE8-562A-4F46-A370-BEA49D3F267E}
		{7723F66E-B2EE-4A1D-BF68-D83BD30877C9} = {C6455BE8-562A-4F46-A370-BEA49D3F267E}
		{263D8911-C3AD-4AEA-A1B5-E9CF3A57D3B1} = {C6455BE8-562A-4F46-A370-BEA49D3F267E}
		{CE720FC5-E118-4667-90D6-6F0CD65E8E0E} = {C38B9E84-E881-48BB-9372-CA3594228C3F}
		{016A1159-99F4-4169-B708-C36AC73A37F6} = {C38B9E84-E881-48BB-9372-CA3594228C3F}
		{F8661D88-6E4E-4665-926D-39035CC441FF} = {C38B9E84-E881-48BB-9372-CA3594228C3F}
		{6CC1E0C1-9CC5-44FF-B10E-A7D2A9BD093D} = {C38B9E84-E881-48BB-9372-CA3594228C3F}
		{433172D6-B6F1-4A57-934A-04A7F062E417} = {C38B9E84-E881-48BB-9372-CA3594228C3F}
		{C7983B8E-4548-42A3-B818-63C74B6BE961} = {C38B9E84-E881-48BB-9372-CA3594228C3F}
		{45DB7CBA-81DB-4F42-BF4D-2AB829EAFB6E} = {C38B9E84-E881-48BB-9372-CA3594228C3F}
		{32356DA1-DF24-4E57-A645-DE7B51ECB78B} = {C38B9E84-E881-48BB-9372-CA3594228C3F}
		{DD96674E-FFD0-4AFE-9300-04F6A7BDD65D} = {C38B9E84-E881-48BB-9372-CA3594228C3F}
		{BC19E68C-8F1C-42B7-B648-D4A3B959F17A} = {C38B9E84-E881-48BB-9372-CA3594228C3F}
		{511F7AD7-123A-4889-9FB7-61D68545CF33} = {C38B9E84-E881-48BB-9372-CA3594228C3F}
		{DB56C6E4-BB04-4CF9-B1AF-80CF7702095A} = {C38B9E84-E881-48BB-9372-CA3594228C3F}
	EndGlobalSection
	GlobalSection(ExtensibilityGlobals) = postSolution
		SolutionGuid = {822A6375-DDCA-4777-B158-82DBFCA2A2FA}
	EndGlobalSection
EndGlobal
