
Microsoft Visual Studio Solution File, Format Version 12.00
# Visual Studio 15
VisualStudioVersion = 15.0.27130.2026
MinimumVisualStudioVersion = 10.0.40219.1
Project("{FAE04EC0-301F-11D3-BF4B-00C04F79EFBC}") = "0001", "0001\0001.csproj", "{7E0FC2DE-2973-4A62-BD15-16C928FD1C3D}"
EndProject
Project("{FAE04EC0-301F-11D3-BF4B-00C04F79EFBC}") = "0001Tests", "0001Tests\0001Tests.csproj", "{99A1102C-BF2B-45F9-A8BE-7689B807420C}"
EndProject
Global
	GlobalSection(SolutionConfigurationPlatforms) = preSolution
		Debug|Any CPU = Debug|Any CPU
		Release|Any CPU = Release|Any CPU
	EndGlobalSection
	GlobalSection(ProjectConfigurationPlatforms) = postSolution
		{7E0FC2DE-2973-4A62-BD15-16C928FD1C3D}.Debug|Any CPU.ActiveCfg = Debug|Any CPU
		{7E0FC2DE-2973-4A62-BD15-16C928FD1C3D}.Debug|Any CPU.Build.0 = Debug|Any CPU
		{7E0FC2DE-2973-4A62-BD15-16C928FD1C3D}.Release|Any CPU.ActiveCfg = Release|Any CPU
		{7E0FC2DE-2973-4A62-BD15-16C928FD1C3D}.Release|Any CPU.Build.0 = Release|Any CPU
		{99A1102C-BF2B-45F9-A8BE-7689B807420C}.Debug|Any CPU.ActiveCfg = Debug|Any CPU
		{99A1102C-BF2B-45F9-A8BE-7689B807420C}.Debug|Any CPU.Build.0 = Debug|Any CPU
		{99A1102C-BF2B-45F9-A8BE-7689B807420C}.Release|Any CPU.ActiveCfg = Release|Any CPU
		{99A1102C-BF2B-45F9-A8BE-7689B807420C}.Release|Any CPU.Build.0 = Release|Any CPU
	EndGlobalSection
	GlobalSection(SolutionProperties) = preSolution
		HideSolutionNode = FALSE
	EndGlobalSection
	GlobalSection(ExtensibilityGlobals) = postSolution
		SolutionGuid = {822A6375-DDCA-4777-B158-82DBFCA2A2FA}
	EndGlobalSection
EndGlobal
